
Microsoft Visual Studio Solution File, Format Version 12.00
# Visual Studio Version 17
VisualStudioVersion = 17.14.36518.9 d17.14
MinimumVisualStudioVersion = 10.0.40219.1
Project("{FAE04EC0-301F-11D3-BF4B-00C04F79EFBC}") = "Asisya", "Asisya\Asisya.csproj", "{AB6DC7C2-F89B-48CA-AE0F-60492712CC0A}"
EndProject
Project("{2150E333-8FDC-42A3-9474-1A3956D46DE8}") = "src", "src", "{02EA681E-C7D8-13C7-8484-4AC65E1B71E8}"
EndProject
Project("{2150E333-8FDC-42A3-9474-1A3956D46DE8}") = "1- DistributedServices", "1- DistributedServices", "{96D6DC13-BD41-47FD-B09F-59E63275E49D}"
EndProject
Project("{2150E333-8FDC-42A3-9474-1A3956D46DE8}") = "2 - Core", "2 - Core", "{7A87B851-8F8D-4FFE-AEEE-0F451639081D}"
EndProject
Project("{2150E333-8FDC-42A3-9474-1A3956D46DE8}") = "3 - Infrastructure", "3 - Infrastructure", "{B7EC6975-D31D-4F81-8C96-634FC190776A}"
EndProject
Project("{2150E333-8FDC-42A3-9474-1A3956D46DE8}") = "4 - Test", "4 - Test", "{8FB52F01-B775-4D84-805B-BD0C26A2FFC5}"
EndProject
Project("{FAE04EC0-301F-11D3-BF4B-00C04F79EFBC}") = "CoreLibrary", "CoreLibrary\CoreLibrary.csproj", "{4BB95B03-8D65-77DA-EBA4-9B5FCF75AFF1}"
EndProject
Project("{FAE04EC0-301F-11D3-BF4B-00C04F79EFBC}") = "Domain", "domain\Domain.csproj", "{E528BBC3-1C26-8C35-F682-23718816ADCD}"
EndProject
Project("{FAE04EC0-301F-11D3-BF4B-00C04F79EFBC}") = "infrastructure", "infrastructure\infrastructure\infrastructure.csproj", "{90327BCE-1B5E-2ED7-C3F4-CEE86A9C2A14}"
EndProject
Project("{FAE04EC0-301F-11D3-BF4B-00C04F79EFBC}") = "Asisya.Test", "Asisya.Test\Asisya.Test.csproj", "{CD16655A-9C8C-4845-A3B2-ECEE20C55329}"
EndProject
Global
	GlobalSection(SolutionConfigurationPlatforms) = preSolution
		Debug|Any CPU = Debug|Any CPU
		Release|Any CPU = Release|Any CPU
	EndGlobalSection
	GlobalSection(ProjectConfigurationPlatforms) = postSolution
		{AB6DC7C2-F89B-48CA-AE0F-60492712CC0A}.Debug|Any CPU.ActiveCfg = Debug|Any CPU
		{AB6DC7C2-F89B-48CA-AE0F-60492712CC0A}.Debug|Any CPU.Build.0 = Debug|Any CPU
		{AB6DC7C2-F89B-48CA-AE0F-60492712CC0A}.Release|Any CPU.ActiveCfg = Release|Any CPU
		{AB6DC7C2-F89B-48CA-AE0F-60492712CC0A}.Release|Any CPU.Build.0 = Release|Any CPU
		{4BB95B03-8D65-77DA-EBA4-9B5FCF75AFF1}.Debug|Any CPU.ActiveCfg = Debug|Any CPU
		{4BB95B03-8D65-77DA-EBA4-9B5FCF75AFF1}.Debug|Any CPU.Build.0 = Debug|Any CPU
		{4BB95B03-8D65-77DA-EBA4-9B5FCF75AFF1}.Release|Any CPU.ActiveCfg = Release|Any CPU
		{4BB95B03-8D65-77DA-EBA4-9B5FCF75AFF1}.Release|Any CPU.Build.0 = Release|Any CPU
		{E528BBC3-1C26-8C35-F682-23718816ADCD}.Debug|Any CPU.ActiveCfg = Debug|Any CPU
		{E528BBC3-1C26-8C35-F682-23718816ADCD}.Debug|Any CPU.Build.0 = Debug|Any CPU
		{E528BBC3-1C26-8C35-F682-23718816ADCD}.Release|Any CPU.ActiveCfg = Release|Any CPU
		{E528BBC3-1C26-8C35-F682-23718816ADCD}.Release|Any CPU.Build.0 = Release|Any CPU
		{90327BCE-1B5E-2ED7-C3F4-CEE86A9C2A14}.Debug|Any CPU.ActiveCfg = Debug|Any CPU
		{90327BCE-1B5E-2ED7-C3F4-CEE86A9C2A14}.Debug|Any CPU.Build.0 = Debug|Any CPU
		{90327BCE-1B5E-2ED7-C3F4-CEE86A9C2A14}.Release|Any CPU.ActiveCfg = Release|Any CPU
		{90327BCE-1B5E-2ED7-C3F4-CEE86A9C2A14}.Release|Any CPU.Build.0 = Release|Any CPU
		{CD16655A-9C8C-4845-A3B2-ECEE20C55329}.Debug|Any CPU.ActiveCfg = Debug|Any CPU
		{CD16655A-9C8C-4845-A3B2-ECEE20C55329}.Debug|Any CPU.Build.0 = Debug|Any CPU
		{CD16655A-9C8C-4845-A3B2-ECEE20C55329}.Release|Any CPU.ActiveCfg = Release|Any CPU
		{CD16655A-9C8C-4845-A3B2-ECEE20C55329}.Release|Any CPU.Build.0 = Release|Any CPU
	EndGlobalSection
	GlobalSection(SolutionProperties) = preSolution
		HideSolutionNode = FALSE
	EndGlobalSection
	GlobalSection(NestedProjects) = preSolution
		{AB6DC7C2-F89B-48CA-AE0F-60492712CC0A} = {96D6DC13-BD41-47FD-B09F-59E63275E49D}
		{96D6DC13-BD41-47FD-B09F-59E63275E49D} = {02EA681E-C7D8-13C7-8484-4AC65E1B71E8}
		{7A87B851-8F8D-4FFE-AEEE-0F451639081D} = {02EA681E-C7D8-13C7-8484-4AC65E1B71E8}
		{B7EC6975-D31D-4F81-8C96-634FC190776A} = {02EA681E-C7D8-13C7-8484-4AC65E1B71E8}
		{8FB52F01-B775-4D84-805B-BD0C26A2FFC5} = {02EA681E-C7D8-13C7-8484-4AC65E1B71E8}
		{4BB95B03-8D65-77DA-EBA4-9B5FCF75AFF1} = {7A87B851-8F8D-4FFE-AEEE-0F451639081D}
		{E528BBC3-1C26-8C35-F682-23718816ADCD} = {7A87B851-8F8D-4FFE-AEEE-0F451639081D}
		{90327BCE-1B5E-2ED7-C3F4-CEE86A9C2A14} = {B7EC6975-D31D-4F81-8C96-634FC190776A}
		{CD16655A-9C8C-4845-A3B2-ECEE20C55329} = {8FB52F01-B775-4D84-805B-BD0C26A2FFC5}
	EndGlobalSection
	GlobalSection(ExtensibilityGlobals) = postSolution
		SolutionGuid = {0F8C3D3F-15CD-4D45-B48C-B917E93FE87A}
	EndGlobalSection
EndGlobal
